
Microsoft Visual Studio Solution File, Format Version 12.00
# Visual Studio Version 17
VisualStudioVersion = 17.13.35825.156 d17.13
MinimumVisualStudioVersion = 10.0.40219.1
Project("{FAE04EC0-301F-11D3-BF4B-00C04F79EFBC}") = "ValheimMod", "ValheimMod\ValheimMod.csproj", "{F596B50E-2492-475B-91C4-1D425171FF25}"
EndProject
Global
	GlobalSection(SolutionConfigurationPlatforms) = preSolution
		Debug|Any CPU = Debug|Any CPU
		Release|Any CPU = Release|Any CPU
	EndGlobalSection
	GlobalSection(ProjectConfigurationPlatforms) = postSolution
		{F596B50E-2492-475B-91C4-1D425171FF25}.Debug|Any CPU.ActiveCfg = Debug|Any CPU
		{F596B50E-2492-475B-91C4-1D425171FF25}.Debug|Any CPU.Build.0 = Debug|Any CPU
		{F596B50E-2492-475B-91C4-1D425171FF25}.Release|Any CPU.ActiveCfg = Release|Any CPU
		{F596B50E-2492-475B-91C4-1D425171FF25}.Release|Any CPU.Build.0 = Release|Any CPU
	EndGlobalSection
	GlobalSection(SolutionProperties) = preSolution
		HideSolutionNode = FALSE
	EndGlobalSection
	GlobalSection(ExtensibilityGlobals) = postSolution
		SolutionGuid = {B75DECB1-7F17-497C-9482-4D980F905103}
	EndGlobalSection
EndGlobal
